// !$*UTF8*$!
{
	archiveVersion = 1;
	classes = {
	};
	objectVersion = 46;
	objects = {

/* Begin PBXBuildFile section */
		CF1E0F9C1DB45E6F004C5A7C /* AppDelegate.swift in Sources */ = {isa = PBXBuildFile; fileRef = CF1E0F9B1DB45E6F004C5A7C /* AppDelegate.swift */; };
		CF1E0F9E1DB45E6F004C5A7C /* ViewController.swift in Sources */ = {isa = PBXBuildFile; fileRef = CF1E0F9D1DB45E6F004C5A7C /* ViewController.swift */; };
		CF1E0FA11DB45E6F004C5A7C /* Main.storyboard in Resources */ = {isa = PBXBuildFile; fileRef = CF1E0F9F1DB45E6F004C5A7C /* Main.storyboard */; };
		CF1E0FA31DB45E6F004C5A7C /* Assets.xcassets in Resources */ = {isa = PBXBuildFile; fileRef = CF1E0FA21DB45E6F004C5A7C /* Assets.xcassets */; };
		CF1E0FA61DB45E6F004C5A7C /* LaunchScreen.storyboard in Resources */ = {isa = PBXBuildFile; fileRef = CF1E0FA41DB45E6F004C5A7C /* LaunchScreen.storyboard */; };
		CFF426B31DB5DEE4009681E2 /* Minecraft.ttf in Resources */ = {isa = PBXBuildFile; fileRef = CFF426B21DB5DEE4009681E2 /* Minecraft.ttf */; };
		CFF426B51DB5E4D1009681E2 /* btn.wav in Resources */ = {isa = PBXBuildFile; fileRef = CFF426B41DB5E4D1009681E2 /* btn.wav */; };
/* End PBXBuildFile section */

/* Begin PBXFileReference section */
		CF1E0F981DB45E6F004C5A7C /* RetroCalculator.app */ = {isa = PBXFileReference; explicitFileType = wrapper.application; includeInIndex = 0; path = RetroCalculator.app; sourceTree = BUILT_PRODUCTS_DIR; };
		CF1E0F9B1DB45E6F004C5A7C /* AppDelegate.swift */ = {isa = PBXFileReference; lastKnownFileType = sourcecode.swift; path = AppDelegate.swift; sourceTree = "<group>"; };
		CF1E0F9D1DB45E6F004C5A7C /* ViewController.swift */ = {isa = PBXFileReference; lastKnownFileType = sourcecode.swift; path = ViewController.swift; sourceTree = "<group>"; };
		CF1E0FA01DB45E6F004C5A7C /* Base */ = {isa = PBXFileReference; lastKnownFileType = file.storyboard; name = Base; path = Base.lproj/Main.storyboard; sourceTree = "<group>"; };
		CF1E0FA21DB45E6F004C5A7C /* Assets.xcassets */ = {isa = PBXFileReference; lastKnownFileType = folder.assetcatalog; path = Assets.xcassets; sourceTree = "<group>"; };
		CF1E0FA51DB45E6F004C5A7C /* Base */ = {isa = PBXFileReference; lastKnownFileType = file.storyboard; name = Base; path = Base.lproj/LaunchScreen.storyboard; sourceTree = "<group>"; };
		CF1E0FA71DB45E6F004C5A7C /* Info.plist */ = {isa = PBXFileReference; lastKnownFileType = text.plist.xml; path = Info.plist; sourceTree = "<group>"; };
		CFF426B21DB5DEE4009681E2 /* Minecraft.ttf */ = {isa = PBXFileReference; lastKnownFileType = file; path = Minecraft.ttf; sourceTree = "<group>"; };
		CFF426B41DB5E4D1009681E2 /* btn.wav */ = {isa = PBXFileReference; lastKnownFileType = audio.wav; path = btn.wav; sourceTree = "<group>"; };
/* End PBXFileReference section */

/* Begin PBXFrameworksBuildPhase section */
		CF1E0F951DB45E6F004C5A7C /* Frameworks */ = {
			isa = PBXFrameworksBuildPhase;
			buildActionMask = 2147483647;
			files = (
			);
			runOnlyForDeploymentPostprocessing = 0;
		};
/* End PBXFrameworksBuildPhase section */

/* Begin PBXGroup section */
		CF1E0F8F1DB45E6F004C5A7C = {
			isa = PBXGroup;
			children = (
				CF1E0F9A1DB45E6F004C5A7C /* RetroCalculator */,
				CF1E0F991DB45E6F004C5A7C /* Products */,
			);
			sourceTree = "<group>";
		};
		CF1E0F991DB45E6F004C5A7C /* Products */ = {
			isa = PBXGroup;
			children = (
				CF1E0F981DB45E6F004C5A7C /* RetroCalculator.app */,
			);
			name = Products;
			sourceTree = "<group>";
		};
		CF1E0F9A1DB45E6F004C5A7C /* RetroCalculator */ = {
			isa = PBXGroup;
			children = (
				CFF426B21DB5DEE4009681E2 /* Minecraft.ttf */,
				CFF426B41DB5E4D1009681E2 /* btn.wav */,
				CF1E0F9B1DB45E6F004C5A7C /* AppDelegate.swift */,
				CF1E0F9D1DB45E6F004C5A7C /* ViewController.swift */,
				CF1E0F9F1DB45E6F004C5A7C /* Main.storyboard */,
				CF1E0FA21DB45E6F004C5A7C /* Assets.xcassets */,
				CF1E0FA41DB45E6F004C5A7C /* LaunchScreen.storyboard */,
				CF1E0FA71DB45E6F004C5A7C /* Info.plist */,
			);
			path = RetroCalculator;
			sourceTree = "<group>";
		};
/* End PBXGroup section */

/* Begin PBXNativeTarget section */
		CF1E0F971DB45E6F004C5A7C /* RetroCalculator */ = {
			isa = PBXNativeTarget;
			buildConfigurationList = CF1E0FAA1DB45E6F004C5A7C /* Build configuration list for PBXNativeTarget "RetroCalculator" */;
			buildPhases = (
				CF1E0F941DB45E6F004C5A7C /* Sources */,
				CF1E0F951DB45E6F004C5A7C /* Frameworks */,
				CF1E0F961DB45E6F004C5A7C /* Resources */,
			);
			buildRules = (
			);
			dependencies = (
			);
			name = RetroCalculator;
			productName = RetroCalculator;
			productReference = CF1E0F981DB45E6F004C5A7C /* RetroCalculator.app */;
			productType = "com.apple.product-type.application";
		};
/* End PBXNativeTarget section */

/* Begin PBXProject section */
		CF1E0F901DB45E6F004C5A7C /* Project object */ = {
			isa = PBXProject;
			attributes = {
				LastSwiftUpdateCheck = 0800;
				LastUpgradeCheck = 0800;
				ORGANIZATIONNAME = "Rohan Thomas";
				TargetAttributes = {
					CF1E0F971DB45E6F004C5A7C = {
						CreatedOnToolsVersion = 8.0;
						DevelopmentTeam = J24WG7Z3CB;
						ProvisioningStyle = Automatic;
					};
				};
			};
			buildConfigurationList = CF1E0F931DB45E6F004C5A7C /* Build configuration list for PBXProject "RetroCalculator" */;
			compatibilityVersion = "Xcode 3.2";
			developmentRegion = English;
			hasScannedForEncodings = 0;
			knownRegions = (
				en,
				Base,
			);
			mainGroup = CF1E0F8F1DB45E6F004C5A7C;
			productRefGroup = CF1E0F991DB45E6F004C5A7C /* Products */;
			projectDirPath = "";
			projectRoot = "";
			targets = (
				CF1E0F971DB45E6F004C5A7C /* RetroCalculator */,
			);
		};
/* End PBXProject section */

/* Begin PBXResourcesBuildPhase section */
		CF1E0F961DB45E6F004C5A7C /* Resources */ = {
			isa = PBXResourcesBuildPhase;
			buildActionMask = 2147483647;
			files = (
				CFF426B51DB5E4D1009681E2 /* btn.wav in Resources */,
				CF1E0FA61DB45E6F004C5A7C /* LaunchScreen.storyboard in Resources */,
				CF1E0FA31DB45E6F004C5A7C /* Assets.xcassets in Resources */,
				CFF426B31DB5DEE4009681E2 /* Minecraft.ttf in Resources */,
				CF1E0FA11DB45E6F004C5A7C /* Main.storyboard in Resources */,
			);
			runOnlyForDeploymentPostprocessing = 0;
		};
/* End PBXResourcesBuildPhase section */

/* Begin PBXSourcesBuildPhase section */
		CF1E0F941DB45E6F004C5A7C /* Sources */ = {
			isa = PBXSourcesBuildPhase;
			buildActionMask = 2147483647;
			files = (
				CF1E0F9E1DB45E6F004C5A7C /* ViewController.swift in Sources */,
				CF1E0F9C1DB45E6F004C5A7C /* AppDelegate.swift in Sources */,
			);
			runOnlyForDeploymentPostprocessing = 0;
		};
/* End PBXSourcesBuildPhase section */

/* Begin PBXVariantGroup section */
		CF1E0F9F1DB45E6F004C5A7C /* Main.storyboard */ = {
			isa = PBXVariantGroup;
			children = (
				CF1E0FA01DB45E6F004C5A7C /* Base */,
			);
			name = Main.storyboard;
			sourceTree = "<group>";
		};
		CF1E0FA41DB45E6F004C5A7C /* LaunchScreen.storyboard */ = {
			isa = PBXVariantGroup;
			children = (
				CF1E0FA51DB45E6F004C5A7C /* Base */,
			);
			name = LaunchScreen.storyboard;
			sourceTree = "<group>";
		};
/* End PBXVariantGroup section */

/* Begin XCBuildConfiguration section */
		CF1E0FA81DB45E6F004C5A7C /* Debug */ = {
			isa = XCBuildConfiguration;
			buildSettings = {
				ALWAYS_SEARCH_USER_PATHS = NO;
				CLANG_ANALYZER_NONNULL = YES;
				CLANG_CXX_LANGUAGE_STANDARD = "gnu++0x";
				CLANG_CXX_LIBRARY = "libc++";
				CLANG_ENABLE_MODULES = YES;
				CLANG_ENABLE_OBJC_ARC = YES;
				CLANG_WARN_BOOL_CONVERSION = YES;
				CLANG_WARN_CONSTANT_CONVERSION = YES;
				CLANG_WARN_DIRECT_OBJC_ISA_USAGE = YES_ERROR;
				CLANG_WARN_DOCUMENTATION_COMMENTS = YES;
				CLANG_WARN_EMPTY_BODY = YES;
				CLANG_WARN_ENUM_CONVERSION = YES;
				CLANG_WARN_INFINITE_RECURSION = YES;
				CLANG_WARN_INT_CONVERSION = YES;
				CLANG_WARN_OBJC_ROOT_CLASS = YES_ERROR;
				CLANG_WARN_SUSPICIOUS_MOVES = YES;
				CLANG_WARN_UNREACHABLE_CODE = YES;
				CLANG_WARN__DUPLICATE_METHOD_MATCH = YES;
				"CODE_SIGN_IDENTITY[sdk=iphoneos*]" = "iPhone Developer";
				COPY_PHASE_STRIP = NO;
				DEBUG_INFORMATION_FORMAT = dwarf;
				ENABLE_STRICT_OBJC_MSGSEND = YES;
				ENABLE_TESTABILITY = YES;
				GCC_C_LANGUAGE_STANDARD = gnu99;
				GCC_DYNAMIC_NO_PIC = NO;
				GCC_NO_COMMON_BLOCKS = YES;
				GCC_OPTIMIZATION_LEVEL = 0;
				GCC_PREPROCESSOR_DEFINITIONS = (
					"DEBUG=1",
					"$(inherited)",
				);
				GCC_WARN_64_TO_32_BIT_CONVERSION = YES;
				GCC_WARN_ABOUT_RETURN_TYPE = YES_ERROR;
				GCC_WARN_UNDECLARED_SELECTOR = YES;
				GCC_WARN_UNINITIALIZED_AUTOS = YES_AGGRESSIVE;
				GCC_WARN_UNUSED_FUNCTION = YES;
				GCC_WARN_UNUSED_VARIABLE = YES;
				IPHONEOS_DEPLOYMENT_TARGET = 10.0;
				MTL_ENABLE_DEBUG_INFO = YES;
				ONLY_ACTIVE_ARCH = YES;
				SDKROOT = iphoneos;
				SWIFT_ACTIVE_COMPILATION_CONDITIONS = DEBUG;
				SWIFT_OPTIMIZATION_LEVEL = "-Onone";
				TARGETED_DEVICE_FAMILY = "1,2";
			};
			name = Debug;
		};
		CF1E0FA91DB45E6F004C5A7C /* Release */ = {
			isa = XCBuildConfiguration;
			buildSettings = {
				ALWAYS_SEARCH_USER_PATHS = NO;
				CLANG_ANALYZER_NONNULL = YES;
				CLANG_CXX_LANGUAGE_STANDARD = "gnu++0x";
				CLANG_CXX_LIBRARY = "libc++";
				CLANG_ENABLE_MODULES = YES;
				CLANG_ENABLE_OBJC_ARC = YES;
				CLANG_WARN_BOOL_CONVERSION = YES;
				CLANG_WARN_CONSTANT_CONVERSION = YES;
				CLANG_WARN_DIRECT_OBJC_ISA_USAGE = YES_ERROR;
				CLANG_WARN_DOCUMENTATION_COMMENTS = YES;
				CLANG_WARN_EMPTY_BODY = YES;
				CLANG_WARN_ENUM_CONVERSION = YES;
				CLANG_WARN_INFINITE_RECURSION = YES;
				CLANG_WARN_INT_CONVERSION = YES;
				CLANG_WARN_OBJC_ROOT_CLASS = YES_ERROR;
				CLANG_WARN_SUSPICIOUS_MOVES = YES;
				CLANG_WARN_UNREACHABLE_CODE = YES;
				CLANG_WARN__DUPLICATE_METHOD_MATCH = YES;
				"CODE_SIGN_IDENTITY[sdk=iphoneos*]" = "iPhone Developer";
				COPY_PHASE_STRIP = NO;
				DEBUG_INFORMATION_FORMAT = "dwarf-with-dsym";
				ENABLE_NS_ASSERTIONS = NO;
				ENABLE_STRICT_OBJC_MSGSEND = YES;
				GCC_C_LANGUAGE_STANDARD = gnu99;
				GCC_NO_COMMON_BLOCKS = YES;
				GCC_WARN_64_TO_32_BIT_CONVERSION = YES;
				GCC_WARN_ABOUT_RETURN_TYPE = YES_ERROR;
				GCC_WARN_UNDECLARED_SELECTOR = YES;
				GCC_WARN_UNINITIALIZED_AUTOS = YES_AGGRESSIVE;
				GCC_WARN_UNUSED_FUNCTION = YES;
				GCC_WARN_UNUSED_VARIABLE = YES;
				IPHONEOS_DEPLOYMENT_TARGET = 10.0;
				MTL_ENABLE_DEBUG_INFO = NO;
				SDKROOT = iphoneos;
				SWIFT_OPTIMIZATION_LEVEL = "-Owholemodule";
				TARGETED_DEVICE_FAMILY = "1,2";
				VALIDATE_PRODUCT = YES;
			};
			name = Release;
		};
		CF1E0FAB1DB45E6F004C5A7C /* Debug */ = {
			isa = XCBuildConfiguration;
			buildSettings = {
				ASSETCATALOG_COMPILER_APPICON_NAME = AppIcon;
				DEVELOPMENT_TEAM = J24WG7Z3CB;
				INFOPLIST_FILE = RetroCalculator/Info.plist;
				LD_RUNPATH_SEARCH_PATHS = "$(inherited) @executable_path/Frameworks";
				PRODUCT_BUNDLE_IDENTIFIER = com.rohan.RetroCalculator;
				PRODUCT_NAME = "$(TARGET_NAME)";
				SWIFT_VERSION = 3.0;
			};
			name = Debug;
		};
		CF1E0FAC1DB45E6F004C5A7C /* Release */ = {
			isa = XCBuildConfiguration;
			buildSettings = {
				ASSETCATALOG_COMPILER_APPICON_NAME = AppIcon;
				DEVELOPMENT_TEAM = J24WG7Z3CB;
				INFOPLIST_FILE = RetroCalculator/Info.plist;
				LD_RUNPATH_SEARCH_PATHS = "$(inherited) @executable_path/Frameworks";
				PRODUCT_BUNDLE_IDENTIFIER = com.rohan.RetroCalculator;
				PRODUCT_NAME = "$(TARGET_NAME)";
				SWIFT_VERSION = 3.0;
			};
			name = Release;
		};
/* End XCBuildConfiguration section */

/* Begin XCConfigurationList section */
		CF1E0F931DB45E6F004C5A7C /* Build configuration list for PBXProject "RetroCalculator" */ = {
			isa = XCConfigurationList;
			buildConfigurations = (
				CF1E0FA81DB45E6F004C5A7C /* Debug */,
				CF1E0FA91DB45E6F004C5A7C /* Release */,
			);
			defaultConfigurationIsVisible = 0;
			defaultConfigurationName = Release;
		};
		CF1E0FAA1DB45E6F004C5A7C /* Build configuration list for PBXNativeTarget "RetroCalculator" */ = {
			isa = XCConfigurationList;
			buildConfigurations = (
				CF1E0FAB1DB45E6F004C5A7C /* Debug */,
				CF1E0FAC1DB45E6F004C5A7C /* Release */,
			);
			defaultConfigurationIsVisible = 0;
			defaultConfigurationName = Release;
		};
/* End XCConfigurationList section */
	};
	rootObject = CF1E0F901DB45E6F004C5A7C /* Project object */;
}
